
Microsoft Visual Studio Solution File, Format Version 12.00
# Visual Studio Version 16
VisualStudioVersion = 16.0.29926.136
MinimumVisualStudioVersion = 10.0.40219.1
Project("{FAE04EC0-301F-11D3-BF4B-00C04F79EFBC}") = "Robotsversusdinosaurs", "Robotsversusdinosaurs\Robotsversusdinosaurs.csproj", "{952CC625-4610-46C3-9B18-9342343F1BFD}"
EndProject
Global
	GlobalSection(SolutionConfigurationPlatforms) = preSolution
		Debug|Any CPU = Debug|Any CPU
		Release|Any CPU = Release|Any CPU
	EndGlobalSection
	GlobalSection(ProjectConfigurationPlatforms) = postSolution
		{952CC625-4610-46C3-9B18-9342343F1BFD}.Debug|Any CPU.ActiveCfg = Debug|Any CPU
		{952CC625-4610-46C3-9B18-9342343F1BFD}.Debug|Any CPU.Build.0 = Debug|Any CPU
		{952CC625-4610-46C3-9B18-9342343F1BFD}.Release|Any CPU.ActiveCfg = Release|Any CPU
		{952CC625-4610-46C3-9B18-9342343F1BFD}.Release|Any CPU.Build.0 = Release|Any CPU
	EndGlobalSection
	GlobalSection(SolutionProperties) = preSolution
		HideSolutionNode = FALSE
	EndGlobalSection
	GlobalSection(ExtensibilityGlobals) = postSolution
		SolutionGuid = {EA9747B4-2508-46DA-9923-8EBF6FAF4071}
	EndGlobalSection
EndGlobal
